
Microsoft Visual Studio Solution File, Format Version 12.00
# Visual Studio Version 17
VisualStudioVersion = 17.0.31903.59
MinimumVisualStudioVersion = 10.0.40219.1
Project("{2150E333-8FDC-42A3-9474-1A3956D46DE8}") = "src", "src", "{1746B1B3-1F53-41FD-B49F-A863E1102F55}"
EndProject
Project("{2150E333-8FDC-42A3-9474-1A3956D46DE8}") = "building blocks", "building blocks", "{BACD0B8F-2B31-40A7-BC7D-06AEF0BFDEC8}"
EndProject
Project("{FAE04EC0-301F-11D3-BF4B-00C04F79EFBC}") = "NextDestiny.Core", "building blocks\NextDestiny.Core\NextDestiny.Core.csproj", "{0F485F17-7A24-48FD-94E9-F56BCB318741}"
EndProject
Project("{2150E333-8FDC-42A3-9474-1A3956D46DE8}") = "Payment", "Payment", "{69B00F7C-D7BE-44FB-BAC9-E882F9274CE1}"
EndProject
Project("{2150E333-8FDC-42A3-9474-1A3956D46DE8}") = "Catalog", "Catalog", "{C3892E7F-16D8-462C-AC4D-D8C5B7B09B10}"
EndProject
Project("{2150E333-8FDC-42A3-9474-1A3956D46DE8}") = "Order", "Order", "{BE454D7F-21DA-4656-9C90-265B7373E265}"
EndProject
Project("{2150E333-8FDC-42A3-9474-1A3956D46DE8}") = "Orchestrator", "Orchestrator", "{7388929A-EEDC-4583-9AC4-0E6283042A0B}"
EndProject
Project("{2150E333-8FDC-42A3-9474-1A3956D46DE8}") = "Flight", "Flight", "{FF3C4CE8-A0E8-4D1B-967B-4F835F56EA95}"
EndProject
Project("{2150E333-8FDC-42A3-9474-1A3956D46DE8}") = "Api", "Api", "{BE50CEF8-13CE-40D8-93A8-8E1B43629A3A}"
EndProject
Project("{2150E333-8FDC-42A3-9474-1A3956D46DE8}") = "Workers", "Workers", "{809D22D9-470F-4E6F-A9AA-AD762B607722}"
EndProject
Project("{2150E333-8FDC-42A3-9474-1A3956D46DE8}") = "Application", "Application", "{2D38AFD7-F865-424F-B660-32A637A52D4B}"
EndProject
Project("{2150E333-8FDC-42A3-9474-1A3956D46DE8}") = "Application", "Application", "{682F5CE0-1473-46C6-B9F8-F4F3879BF374}"
EndProject
Project("{2150E333-8FDC-42A3-9474-1A3956D46DE8}") = "Api", "Api", "{57D47B53-8125-49E5-9D9B-2C2A9DF84DCE}"
EndProject
Project("{2150E333-8FDC-42A3-9474-1A3956D46DE8}") = "Hotel", "Hotel", "{8C26C3A3-9BCC-4A96-AAAD-CB1C83826C45}"
EndProject
Project("{2150E333-8FDC-42A3-9474-1A3956D46DE8}") = "Domain", "Domain", "{08702279-5D15-43F1-878D-BCBB558EEFFB}"
EndProject
Project("{2150E333-8FDC-42A3-9474-1A3956D46DE8}") = "Api", "Api", "{082C606E-934F-40FD-9CB3-F8DD9EB2B1A1}"
EndProject
Project("{2150E333-8FDC-42A3-9474-1A3956D46DE8}") = "Workers", "Workers", "{07E1729B-48CD-4726-8231-A7828137E398}"
EndProject
Project("{2150E333-8FDC-42A3-9474-1A3956D46DE8}") = "Application", "Application", "{93CEC306-CE24-473C-8B66-9B0A2F800071}"
EndProject
Project("{2150E333-8FDC-42A3-9474-1A3956D46DE8}") = "Infrasctructure", "Infrasctructure", "{8F60B21E-633F-478C-9D25-F784002E4160}"
EndProject
Project("{2150E333-8FDC-42A3-9474-1A3956D46DE8}") = "Domain", "Domain", "{8C3D67BA-A3D3-445F-8A30-92272B6B61C8}"
EndProject
Project("{2150E333-8FDC-42A3-9474-1A3956D46DE8}") = "Infrastructure", "Infrastructure", "{AD2731F3-902B-479E-91B6-4EC86D6A8256}"
EndProject
Project("{FAE04EC0-301F-11D3-BF4B-00C04F79EFBC}") = "Order.Api", "src\Order\Order.Api\Order.Api.csproj", "{C42EA010-A72A-4E3C-B9BB-CC0857E0AD21}"
EndProject
Project("{FAE04EC0-301F-11D3-BF4B-00C04F79EFBC}") = "Order.Application", "src\Order\Order.Application\Order.Application.csproj", "{64342A89-BB7E-4DD3-AC06-275108ED861F}"
EndProject
Project("{FAE04EC0-301F-11D3-BF4B-00C04F79EFBC}") = "Order.Domain", "src\Order\Order.Domain\Order.Domain.csproj", "{01192642-1708-467B-9227-94B96AB9717E}"
EndProject
Project("{FAE04EC0-301F-11D3-BF4B-00C04F79EFBC}") = "Order.Infrastructure", "src\Order\Order.Infrastructure\Order.Infrastructure.csproj", "{E50C1192-50BD-46A6-B6A0-AEC0A3E795BA}"
EndProject
Project("{FAE04EC0-301F-11D3-BF4B-00C04F79EFBC}") = "Orchestrator.Api", "src\Orchestrator\Orchestrator.Api\Orchestrator.Api.csproj", "{FA8682C0-CB95-450B-A826-46885A2520AE}"
EndProject
Project("{2150E333-8FDC-42A3-9474-1A3956D46DE8}") = "Api", "Api", "{DD74D9B0-51AB-48AC-A606-12AE21AE0545}"
EndProject
Project("{2150E333-8FDC-42A3-9474-1A3956D46DE8}") = "Application", "Application", "{90DFA187-2D34-4841-9ED2-8B530DC9C3DC}"
EndProject
Project("{2150E333-8FDC-42A3-9474-1A3956D46DE8}") = "Domain", "Domain", "{699B6C8D-85CC-4A9F-BA94-127FF2313DFD}"
EndProject
Project("{2150E333-8FDC-42A3-9474-1A3956D46DE8}") = "Infrastructure", "Infrastructure", "{75684654-7023-4C5C-ACA2-C51D353E5CDD}"
EndProject
Project("{FAE04EC0-301F-11D3-BF4B-00C04F79EFBC}") = "Catalog.Api", "src\Catalog\Catalog.Api\Catalog.Api.csproj", "{765EFF06-EEF0-425B-84FE-3165E4CA139E}"
EndProject
Project("{FAE04EC0-301F-11D3-BF4B-00C04F79EFBC}") = "Catalog.Application", "src\Catalog\Catalog.Application\Catalog.Application.csproj", "{33A2277C-FF5F-430F-83D7-B9D5FF367AD8}"
EndProject
Project("{FAE04EC0-301F-11D3-BF4B-00C04F79EFBC}") = "Catalog.Domain", "src\Catalog\Catalog.Domain\Catalog.Domain.csproj", "{81FE93BB-26A3-452E-B275-C668EA5FEB03}"
EndProject
Project("{FAE04EC0-301F-11D3-BF4B-00C04F79EFBC}") = "Catalog.Infrastructure", "src\Catalog\Catalog.Infrastructure\Catalog.Infrastructure.csproj", "{8E187B1D-8531-48CC-98F8-D11CF1CFE8DB}"
EndProject
Project("{2150E333-8FDC-42A3-9474-1A3956D46DE8}") = "Application", "Application", "{537DB164-73D3-469F-8C83-1C8E74591AED}"
EndProject
Project("{2150E333-8FDC-42A3-9474-1A3956D46DE8}") = "Domain", "Domain", "{7BDA7845-95C6-4E70-9799-1D4A36E88768}"
EndProject
Project("{2150E333-8FDC-42A3-9474-1A3956D46DE8}") = "Infrastructure", "Infrastructure", "{EC784F38-87B9-40F0-9D8F-094768CAF1E0}"
EndProject
Project("{2150E333-8FDC-42A3-9474-1A3956D46DE8}") = "Workers", "Workers", "{986F8776-DAAB-4B53-B251-1D1FD8022237}"
EndProject
Project("{FAE04EC0-301F-11D3-BF4B-00C04F79EFBC}") = "Payment.Application", "src\Payment\Payment.Application\Payment.Application.csproj", "{E8872254-7B25-45B2-A1B3-B45888D6DE2B}"
EndProject
Project("{FAE04EC0-301F-11D3-BF4B-00C04F79EFBC}") = "Payment.Domain", "src\Payment\Payment.Domain\Payment.Domain.csproj", "{2D1C3E39-AED9-4140-84B9-888ED6994898}"
EndProject
Project("{FAE04EC0-301F-11D3-BF4B-00C04F79EFBC}") = "Payment.Infrastructure", "src\Payment\Payment.Infrastructure\Payment.Infrastructure.csproj", "{A01D9A51-794B-461C-8A00-0FE1B53B76B8}"
EndProject
Global
	GlobalSection(SolutionConfigurationPlatforms) = preSolution
		Debug|Any CPU = Debug|Any CPU
		Release|Any CPU = Release|Any CPU
	EndGlobalSection
	GlobalSection(ProjectConfigurationPlatforms) = postSolution
		{0F485F17-7A24-48FD-94E9-F56BCB318741}.Debug|Any CPU.ActiveCfg = Debug|Any CPU
		{0F485F17-7A24-48FD-94E9-F56BCB318741}.Debug|Any CPU.Build.0 = Debug|Any CPU
		{0F485F17-7A24-48FD-94E9-F56BCB318741}.Release|Any CPU.ActiveCfg = Release|Any CPU
		{0F485F17-7A24-48FD-94E9-F56BCB318741}.Release|Any CPU.Build.0 = Release|Any CPU
		{C42EA010-A72A-4E3C-B9BB-CC0857E0AD21}.Debug|Any CPU.ActiveCfg = Debug|Any CPU
		{C42EA010-A72A-4E3C-B9BB-CC0857E0AD21}.Debug|Any CPU.Build.0 = Debug|Any CPU
		{C42EA010-A72A-4E3C-B9BB-CC0857E0AD21}.Release|Any CPU.ActiveCfg = Release|Any CPU
		{C42EA010-A72A-4E3C-B9BB-CC0857E0AD21}.Release|Any CPU.Build.0 = Release|Any CPU
		{64342A89-BB7E-4DD3-AC06-275108ED861F}.Debug|Any CPU.ActiveCfg = Debug|Any CPU
		{64342A89-BB7E-4DD3-AC06-275108ED861F}.Debug|Any CPU.Build.0 = Debug|Any CPU
		{64342A89-BB7E-4DD3-AC06-275108ED861F}.Release|Any CPU.ActiveCfg = Release|Any CPU
		{64342A89-BB7E-4DD3-AC06-275108ED861F}.Release|Any CPU.Build.0 = Release|Any CPU
		{01192642-1708-467B-9227-94B96AB9717E}.Debug|Any CPU.ActiveCfg = Debug|Any CPU
		{01192642-1708-467B-9227-94B96AB9717E}.Debug|Any CPU.Build.0 = Debug|Any CPU
		{01192642-1708-467B-9227-94B96AB9717E}.Release|Any CPU.ActiveCfg = Release|Any CPU
		{01192642-1708-467B-9227-94B96AB9717E}.Release|Any CPU.Build.0 = Release|Any CPU
		{E50C1192-50BD-46A6-B6A0-AEC0A3E795BA}.Debug|Any CPU.ActiveCfg = Debug|Any CPU
		{E50C1192-50BD-46A6-B6A0-AEC0A3E795BA}.Debug|Any CPU.Build.0 = Debug|Any CPU
		{E50C1192-50BD-46A6-B6A0-AEC0A3E795BA}.Release|Any CPU.ActiveCfg = Release|Any CPU
		{E50C1192-50BD-46A6-B6A0-AEC0A3E795BA}.Release|Any CPU.Build.0 = Release|Any CPU
		{FA8682C0-CB95-450B-A826-46885A2520AE}.Debug|Any CPU.ActiveCfg = Debug|Any CPU
		{FA8682C0-CB95-450B-A826-46885A2520AE}.Debug|Any CPU.Build.0 = Debug|Any CPU
		{FA8682C0-CB95-450B-A826-46885A2520AE}.Release|Any CPU.ActiveCfg = Release|Any CPU
		{FA8682C0-CB95-450B-A826-46885A2520AE}.Release|Any CPU.Build.0 = Release|Any CPU
		{765EFF06-EEF0-425B-84FE-3165E4CA139E}.Debug|Any CPU.ActiveCfg = Debug|Any CPU
		{765EFF06-EEF0-425B-84FE-3165E4CA139E}.Debug|Any CPU.Build.0 = Debug|Any CPU
		{765EFF06-EEF0-425B-84FE-3165E4CA139E}.Release|Any CPU.ActiveCfg = Release|Any CPU
		{765EFF06-EEF0-425B-84FE-3165E4CA139E}.Release|Any CPU.Build.0 = Release|Any CPU
		{33A2277C-FF5F-430F-83D7-B9D5FF367AD8}.Debug|Any CPU.ActiveCfg = Debug|Any CPU
		{33A2277C-FF5F-430F-83D7-B9D5FF367AD8}.Debug|Any CPU.Build.0 = Debug|Any CPU
		{33A2277C-FF5F-430F-83D7-B9D5FF367AD8}.Release|Any CPU.ActiveCfg = Release|Any CPU
		{33A2277C-FF5F-430F-83D7-B9D5FF367AD8}.Release|Any CPU.Build.0 = Release|Any CPU
		{81FE93BB-26A3-452E-B275-C668EA5FEB03}.Debug|Any CPU.ActiveCfg = Debug|Any CPU
		{81FE93BB-26A3-452E-B275-C668EA5FEB03}.Debug|Any CPU.Build.0 = Debug|Any CPU
		{81FE93BB-26A3-452E-B275-C668EA5FEB03}.Release|Any CPU.ActiveCfg = Release|Any CPU
		{81FE93BB-26A3-452E-B275-C668EA5FEB03}.Release|Any CPU.Build.0 = Release|Any CPU
		{8E187B1D-8531-48CC-98F8-D11CF1CFE8DB}.Debug|Any CPU.ActiveCfg = Debug|Any CPU
		{8E187B1D-8531-48CC-98F8-D11CF1CFE8DB}.Debug|Any CPU.Build.0 = Debug|Any CPU
		{8E187B1D-8531-48CC-98F8-D11CF1CFE8DB}.Release|Any CPU.ActiveCfg = Release|Any CPU
		{8E187B1D-8531-48CC-98F8-D11CF1CFE8DB}.Release|Any CPU.Build.0 = Release|Any CPU
		{E8872254-7B25-45B2-A1B3-B45888D6DE2B}.Debug|Any CPU.ActiveCfg = Debug|Any CPU
		{E8872254-7B25-45B2-A1B3-B45888D6DE2B}.Debug|Any CPU.Build.0 = Debug|Any CPU
		{E8872254-7B25-45B2-A1B3-B45888D6DE2B}.Release|Any CPU.ActiveCfg = Release|Any CPU
		{E8872254-7B25-45B2-A1B3-B45888D6DE2B}.Release|Any CPU.Build.0 = Release|Any CPU
		{2D1C3E39-AED9-4140-84B9-888ED6994898}.Debug|Any CPU.ActiveCfg = Debug|Any CPU
		{2D1C3E39-AED9-4140-84B9-888ED6994898}.Debug|Any CPU.Build.0 = Debug|Any CPU
		{2D1C3E39-AED9-4140-84B9-888ED6994898}.Release|Any CPU.ActiveCfg = Release|Any CPU
		{2D1C3E39-AED9-4140-84B9-888ED6994898}.Release|Any CPU.Build.0 = Release|Any CPU
		{A01D9A51-794B-461C-8A00-0FE1B53B76B8}.Debug|Any CPU.ActiveCfg = Debug|Any CPU
		{A01D9A51-794B-461C-8A00-0FE1B53B76B8}.Debug|Any CPU.Build.0 = Debug|Any CPU
		{A01D9A51-794B-461C-8A00-0FE1B53B76B8}.Release|Any CPU.ActiveCfg = Release|Any CPU
		{A01D9A51-794B-461C-8A00-0FE1B53B76B8}.Release|Any CPU.Build.0 = Release|Any CPU
	EndGlobalSection
	GlobalSection(SolutionProperties) = preSolution
		HideSolutionNode = FALSE
	EndGlobalSection
	GlobalSection(NestedProjects) = preSolution
		{0F485F17-7A24-48FD-94E9-F56BCB318741} = {BACD0B8F-2B31-40A7-BC7D-06AEF0BFDEC8}
		{69B00F7C-D7BE-44FB-BAC9-E882F9274CE1} = {1746B1B3-1F53-41FD-B49F-A863E1102F55}
		{C3892E7F-16D8-462C-AC4D-D8C5B7B09B10} = {1746B1B3-1F53-41FD-B49F-A863E1102F55}
		{BE454D7F-21DA-4656-9C90-265B7373E265} = {1746B1B3-1F53-41FD-B49F-A863E1102F55}
		{7388929A-EEDC-4583-9AC4-0E6283042A0B} = {1746B1B3-1F53-41FD-B49F-A863E1102F55}
		{FF3C4CE8-A0E8-4D1B-967B-4F835F56EA95} = {1746B1B3-1F53-41FD-B49F-A863E1102F55}
		{BE50CEF8-13CE-40D8-93A8-8E1B43629A3A} = {FF3C4CE8-A0E8-4D1B-967B-4F835F56EA95}
		{809D22D9-470F-4E6F-A9AA-AD762B607722} = {FF3C4CE8-A0E8-4D1B-967B-4F835F56EA95}
		{2D38AFD7-F865-424F-B660-32A637A52D4B} = {FF3C4CE8-A0E8-4D1B-967B-4F835F56EA95}
		{682F5CE0-1473-46C6-B9F8-F4F3879BF374} = {BE454D7F-21DA-4656-9C90-265B7373E265}
		{57D47B53-8125-49E5-9D9B-2C2A9DF84DCE} = {BE454D7F-21DA-4656-9C90-265B7373E265}
		{8C26C3A3-9BCC-4A96-AAAD-CB1C83826C45} = {1746B1B3-1F53-41FD-B49F-A863E1102F55}
		{08702279-5D15-43F1-878D-BCBB558EEFFB} = {8C26C3A3-9BCC-4A96-AAAD-CB1C83826C45}
		{082C606E-934F-40FD-9CB3-F8DD9EB2B1A1} = {8C26C3A3-9BCC-4A96-AAAD-CB1C83826C45}
		{07E1729B-48CD-4726-8231-A7828137E398} = {8C26C3A3-9BCC-4A96-AAAD-CB1C83826C45}
		{93CEC306-CE24-473C-8B66-9B0A2F800071} = {8C26C3A3-9BCC-4A96-AAAD-CB1C83826C45}
		{8F60B21E-633F-478C-9D25-F784002E4160} = {8C26C3A3-9BCC-4A96-AAAD-CB1C83826C45}
		{8C3D67BA-A3D3-445F-8A30-92272B6B61C8} = {BE454D7F-21DA-4656-9C90-265B7373E265}
		{AD2731F3-902B-479E-91B6-4EC86D6A8256} = {BE454D7F-21DA-4656-9C90-265B7373E265}
		{C42EA010-A72A-4E3C-B9BB-CC0857E0AD21} = {57D47B53-8125-49E5-9D9B-2C2A9DF84DCE}
		{64342A89-BB7E-4DD3-AC06-275108ED861F} = {682F5CE0-1473-46C6-B9F8-F4F3879BF374}
		{01192642-1708-467B-9227-94B96AB9717E} = {8C3D67BA-A3D3-445F-8A30-92272B6B61C8}
		{E50C1192-50BD-46A6-B6A0-AEC0A3E795BA} = {AD2731F3-902B-479E-91B6-4EC86D6A8256}
		{FA8682C0-CB95-450B-A826-46885A2520AE} = {7388929A-EEDC-4583-9AC4-0E6283042A0B}
		{DD74D9B0-51AB-48AC-A606-12AE21AE0545} = {C3892E7F-16D8-462C-AC4D-D8C5B7B09B10}
		{90DFA187-2D34-4841-9ED2-8B530DC9C3DC} = {C3892E7F-16D8-462C-AC4D-D8C5B7B09B10}
		{699B6C8D-85CC-4A9F-BA94-127FF2313DFD} = {C3892E7F-16D8-462C-AC4D-D8C5B7B09B10}
		{75684654-7023-4C5C-ACA2-C51D353E5CDD} = {C3892E7F-16D8-462C-AC4D-D8C5B7B09B10}
		{765EFF06-EEF0-425B-84FE-3165E4CA139E} = {DD74D9B0-51AB-48AC-A606-12AE21AE0545}
		{33A2277C-FF5F-430F-83D7-B9D5FF367AD8} = {90DFA187-2D34-4841-9ED2-8B530DC9C3DC}
		{81FE93BB-26A3-452E-B275-C668EA5FEB03} = {699B6C8D-85CC-4A9F-BA94-127FF2313DFD}
		{8E187B1D-8531-48CC-98F8-D11CF1CFE8DB} = {75684654-7023-4C5C-ACA2-C51D353E5CDD}
		{537DB164-73D3-469F-8C83-1C8E74591AED} = {69B00F7C-D7BE-44FB-BAC9-E882F9274CE1}
		{7BDA7845-95C6-4E70-9799-1D4A36E88768} = {69B00F7C-D7BE-44FB-BAC9-E882F9274CE1}
		{EC784F38-87B9-40F0-9D8F-094768CAF1E0} = {69B00F7C-D7BE-44FB-BAC9-E882F9274CE1}
		{986F8776-DAAB-4B53-B251-1D1FD8022237} = {69B00F7C-D7BE-44FB-BAC9-E882F9274CE1}
		{E8872254-7B25-45B2-A1B3-B45888D6DE2B} = {537DB164-73D3-469F-8C83-1C8E74591AED}
		{2D1C3E39-AED9-4140-84B9-888ED6994898} = {7BDA7845-95C6-4E70-9799-1D4A36E88768}
		{A01D9A51-794B-461C-8A00-0FE1B53B76B8} = {EC784F38-87B9-40F0-9D8F-094768CAF1E0}
	EndGlobalSection
EndGlobal
