
Microsoft Visual Studio Solution File, Format Version 12.00
# Visual Studio Version 17
VisualStudioVersion = 17.0.31903.59
MinimumVisualStudioVersion = 10.0.40219.1
Project("{2150E333-8FDC-42A3-9474-1A3956D46DE8}") = "src", "src", "{1746B1B3-1F53-41FD-B49F-A863E1102F55}"
EndProject
Project("{2150E333-8FDC-42A3-9474-1A3956D46DE8}") = "Payment", "Payment", "{69B00F7C-D7BE-44FB-BAC9-E882F9274CE1}"
EndProject
Project("{2150E333-8FDC-42A3-9474-1A3956D46DE8}") = "Catalog", "Catalog", "{C3892E7F-16D8-462C-AC4D-D8C5B7B09B10}"
EndProject
Project("{2150E333-8FDC-42A3-9474-1A3956D46DE8}") = "Order", "Order", "{BE454D7F-21DA-4656-9C90-265B7373E265}"
EndProject
Project("{2150E333-8FDC-42A3-9474-1A3956D46DE8}") = "Orchestrator", "Orchestrator", "{7388929A-EEDC-4583-9AC4-0E6283042A0B}"
EndProject
Project("{2150E333-8FDC-42A3-9474-1A3956D46DE8}") = "Flight", "Flight", "{FF3C4CE8-A0E8-4D1B-967B-4F835F56EA95}"
EndProject
Project("{2150E333-8FDC-42A3-9474-1A3956D46DE8}") = "Api", "Api", "{BE50CEF8-13CE-40D8-93A8-8E1B43629A3A}"
EndProject
Project("{2150E333-8FDC-42A3-9474-1A3956D46DE8}") = "Workers", "Workers", "{809D22D9-470F-4E6F-A9AA-AD762B607722}"
EndProject
Project("{2150E333-8FDC-42A3-9474-1A3956D46DE8}") = "Application", "Application", "{2D38AFD7-F865-424F-B660-32A637A52D4B}"
EndProject
Project("{2150E333-8FDC-42A3-9474-1A3956D46DE8}") = "Application", "Application", "{682F5CE0-1473-46C6-B9F8-F4F3879BF374}"
EndProject
Project("{2150E333-8FDC-42A3-9474-1A3956D46DE8}") = "Api", "Api", "{57D47B53-8125-49E5-9D9B-2C2A9DF84DCE}"
EndProject
Project("{2150E333-8FDC-42A3-9474-1A3956D46DE8}") = "Hotel", "Hotel", "{8C26C3A3-9BCC-4A96-AAAD-CB1C83826C45}"
EndProject
Project("{2150E333-8FDC-42A3-9474-1A3956D46DE8}") = "Domain", "Domain", "{08702279-5D15-43F1-878D-BCBB558EEFFB}"
EndProject
Project("{2150E333-8FDC-42A3-9474-1A3956D46DE8}") = "Api", "Api", "{082C606E-934F-40FD-9CB3-F8DD9EB2B1A1}"
EndProject
Project("{2150E333-8FDC-42A3-9474-1A3956D46DE8}") = "Workers", "Workers", "{07E1729B-48CD-4726-8231-A7828137E398}"
EndProject
Project("{2150E333-8FDC-42A3-9474-1A3956D46DE8}") = "Application", "Application", "{93CEC306-CE24-473C-8B66-9B0A2F800071}"
EndProject
Project("{2150E333-8FDC-42A3-9474-1A3956D46DE8}") = "Infrasctructure", "Infrasctructure", "{8F60B21E-633F-478C-9D25-F784002E4160}"
EndProject
Project("{2150E333-8FDC-42A3-9474-1A3956D46DE8}") = "Domain", "Domain", "{8C3D67BA-A3D3-445F-8A30-92272B6B61C8}"
EndProject
Project("{2150E333-8FDC-42A3-9474-1A3956D46DE8}") = "Infrastructure", "Infrastructure", "{AD2731F3-902B-479E-91B6-4EC86D6A8256}"
EndProject
Project("{2150E333-8FDC-42A3-9474-1A3956D46DE8}") = "Api", "Api", "{DD74D9B0-51AB-48AC-A606-12AE21AE0545}"
EndProject
Project("{2150E333-8FDC-42A3-9474-1A3956D46DE8}") = "Application", "Application", "{90DFA187-2D34-4841-9ED2-8B530DC9C3DC}"
EndProject
Project("{2150E333-8FDC-42A3-9474-1A3956D46DE8}") = "Domain", "Domain", "{699B6C8D-85CC-4A9F-BA94-127FF2313DFD}"
EndProject
Project("{2150E333-8FDC-42A3-9474-1A3956D46DE8}") = "Infrastructure", "Infrastructure", "{75684654-7023-4C5C-ACA2-C51D353E5CDD}"
EndProject
Project("{2150E333-8FDC-42A3-9474-1A3956D46DE8}") = "Application", "Application", "{537DB164-73D3-469F-8C83-1C8E74591AED}"
EndProject
Project("{2150E333-8FDC-42A3-9474-1A3956D46DE8}") = "Domain", "Domain", "{7BDA7845-95C6-4E70-9799-1D4A36E88768}"
EndProject
Project("{2150E333-8FDC-42A3-9474-1A3956D46DE8}") = "Infrastructure", "Infrastructure", "{EC784F38-87B9-40F0-9D8F-094768CAF1E0}"
EndProject
Project("{2150E333-8FDC-42A3-9474-1A3956D46DE8}") = "Workers", "Workers", "{986F8776-DAAB-4B53-B251-1D1FD8022237}"
EndProject
Project("{2150E333-8FDC-42A3-9474-1A3956D46DE8}") = "Services", "Services", "{0B4A9C40-7DA0-45BA-922C-FD4C2D80FDE1}"
EndProject
Project("{FAE04EC0-301F-11D3-BF4B-00C04F79EFBC}") = "Catalog.Api", "src\Services\Catalog\Catalog.Api\Catalog.Api.csproj", "{DF23DC73-F798-4111-A988-AAAE71631550}"
EndProject
Project("{FAE04EC0-301F-11D3-BF4B-00C04F79EFBC}") = "Catalog.Application", "src\Services\Catalog\Catalog.Application\Catalog.Application.csproj", "{BDA3D166-0C5D-40D5-B5FA-22D5B918C556}"
EndProject
Project("{FAE04EC0-301F-11D3-BF4B-00C04F79EFBC}") = "Catalog.Domain", "src\Services\Catalog\Catalog.Domain\Catalog.Domain.csproj", "{B28B8297-7CCC-4968-9798-FA25A5D02B8A}"
EndProject
Project("{FAE04EC0-301F-11D3-BF4B-00C04F79EFBC}") = "Catalog.Infrastructure", "src\Services\Catalog\Catalog.Infrastructure\Catalog.Infrastructure.csproj", "{08C7CE6C-F3A3-4E71-A7D7-03464BC32443}"
EndProject
Project("{FAE04EC0-301F-11D3-BF4B-00C04F79EFBC}") = "Order.Api", "src\Services\Order\Order.Api\Order.Api.csproj", "{BF9907C5-39BD-4026-8AE4-EF8A6721A37B}"
EndProject
Project("{FAE04EC0-301F-11D3-BF4B-00C04F79EFBC}") = "Order.Application", "src\Services\Order\Order.Application\Order.Application.csproj", "{F7E51B58-B380-4BC1-AE3E-0FE23D01A1C4}"
EndProject
Project("{FAE04EC0-301F-11D3-BF4B-00C04F79EFBC}") = "Order.Domain", "src\Services\Order\Order.Domain\Order.Domain.csproj", "{D9225714-17B9-48BB-87A4-25B52A00303F}"
EndProject
Project("{FAE04EC0-301F-11D3-BF4B-00C04F79EFBC}") = "Order.Infrastructure", "src\Services\Order\Order.Infrastructure\Order.Infrastructure.csproj", "{F423139F-D6C6-4D8C-84BC-88A6A8CF19DF}"
EndProject
Project("{FAE04EC0-301F-11D3-BF4B-00C04F79EFBC}") = "Flight.Application", "src\Services\Flight\Flight.Application\Flight.Application.csproj", "{790685DB-A5C4-40DE-9AF8-02B34142C70E}"
EndProject
Project("{FAE04EC0-301F-11D3-BF4B-00C04F79EFBC}") = "Flight.Worker", "src\Services\Flight\Flight.Worker\Flight.Worker.csproj", "{651780EE-3979-4EBB-AF56-4300C42631F4}"
EndProject
Project("{FAE04EC0-301F-11D3-BF4B-00C04F79EFBC}") = "Flight.Cancellation.Worker", "src\Services\Flight\Flight.Cancellation.Worker\Flight.Cancellation.Worker.csproj", "{95544961-894B-4D5F-9FEB-6E67A110F551}"
EndProject
Project("{FAE04EC0-301F-11D3-BF4B-00C04F79EFBC}") = "Hotel.Worker", "src\Services\Hotel\Hotel.Worker\Hotel.Worker.csproj", "{CC6D544C-75B8-45CA-9674-CED125CE329B}"
EndProject
Project("{FAE04EC0-301F-11D3-BF4B-00C04F79EFBC}") = "Hotel.Cancellation.Worker", "src\Services\Hotel\Hotel.Cancellation.Worker\Hotel.Cancellation.Worker.csproj", "{C12D50E7-F464-47D3-8B50-F66D1062A96D}"
EndProject
Project("{FAE04EC0-301F-11D3-BF4B-00C04F79EFBC}") = "Payment.Application", "src\Services\Payment\Payment.Application\Payment.Application.csproj", "{0FA0F746-FE7E-4383-94C6-C88C9675BE02}"
EndProject
Project("{FAE04EC0-301F-11D3-BF4B-00C04F79EFBC}") = "Payment.Domain", "src\Services\Payment\Payment.Domain\Payment.Domain.csproj", "{31EEC6E9-6AED-4DE3-830E-58ECE631BA6D}"
EndProject
Project("{FAE04EC0-301F-11D3-BF4B-00C04F79EFBC}") = "Payment.Infrastructure", "src\Services\Payment\Payment.Infrastructure\Payment.Infrastructure.csproj", "{6F27B086-587F-46D2-92BC-83F62BFFF608}"
EndProject
Project("{FAE04EC0-301F-11D3-BF4B-00C04F79EFBC}") = "Payment.Worker", "src\Services\Payment\Payment.Worker\Payment.Worker.csproj", "{BF6672D6-555B-4D66-BEE5-B3104A23FA87}"
EndProject
Project("{2150E333-8FDC-42A3-9474-1A3956D46DE8}") = "Building blocks", "Building blocks", "{657D1363-F216-480A-BFE9-78113F067DB2}"
EndProject
Project("{FAE04EC0-301F-11D3-BF4B-00C04F79EFBC}") = "NextDestiny.Core", "src\Building blocks\NextDestiny.Core\NextDestiny.Core.csproj", "{0CD18DAF-1BF0-4327-B379-804887655D57}"
EndProject
Project("{2150E333-8FDC-42A3-9474-1A3956D46DE8}") = "Domain", "Domain", "{2A21BC9E-2653-4E0A-8AC8-8D6AD67FA0A1}"
EndProject
Project("{2150E333-8FDC-42A3-9474-1A3956D46DE8}") = "Infrastructure", "Infrastructure", "{4CBD1C0E-2C6B-4124-AF60-6561D13CE9E3}"
EndProject
Project("{FAE04EC0-301F-11D3-BF4B-00C04F79EFBC}") = "Flight.Domain", "src\Services\Flight\Flight.Domain\Flight.Domain.csproj", "{A1DB1569-FDC5-4EB3-8A7A-1774FA6B22CE}"
EndProject
Project("{FAE04EC0-301F-11D3-BF4B-00C04F79EFBC}") = "Flight.Infrastructure", "src\Services\Flight\Flight.Infrastructure\Flight.Infrastructure.csproj", "{E691393C-1694-4737-A6A1-C2B208D3AD48}"
EndProject
Project("{FAE04EC0-301F-11D3-BF4B-00C04F79EFBC}") = "Hotel.Domain", "src\Services\Hotel\Hotel.Domain\Hotel.Domain.csproj", "{541CC086-7533-4855-B5CE-806AAACC7ECF}"
EndProject
Project("{FAE04EC0-301F-11D3-BF4B-00C04F79EFBC}") = "Hotel.Infastructure", "src\Services\Hotel\Hotel.Infastructure\Hotel.Infastructure.csproj", "{5D3F6146-555E-490E-8281-809BF18B5F96}"
EndProject
Project("{FAE04EC0-301F-11D3-BF4B-00C04F79EFBC}") = "Hotel.Application", "src\Services\Hotel\Hotel.Application\Hotel.Application.csproj", "{6CDE1070-9A8C-46B6-9810-0BFC50767DAF}"
EndProject
Project("{FAE04EC0-301F-11D3-BF4B-00C04F79EFBC}") = "Orchestrator.Api", "src\Services\Orchestrator\Orchestrator.Api\Orchestrator.Api.csproj", "{BD450079-A1F5-422E-968C-BB7D40004EEC}"
EndProject
Global
	GlobalSection(SolutionConfigurationPlatforms) = preSolution
		Debug|Any CPU = Debug|Any CPU
		Release|Any CPU = Release|Any CPU
	EndGlobalSection
	GlobalSection(ProjectConfigurationPlatforms) = postSolution
		{DF23DC73-F798-4111-A988-AAAE71631550}.Debug|Any CPU.ActiveCfg = Debug|Any CPU
		{DF23DC73-F798-4111-A988-AAAE71631550}.Debug|Any CPU.Build.0 = Debug|Any CPU
		{DF23DC73-F798-4111-A988-AAAE71631550}.Release|Any CPU.ActiveCfg = Release|Any CPU
		{DF23DC73-F798-4111-A988-AAAE71631550}.Release|Any CPU.Build.0 = Release|Any CPU
		{BDA3D166-0C5D-40D5-B5FA-22D5B918C556}.Debug|Any CPU.ActiveCfg = Debug|Any CPU
		{BDA3D166-0C5D-40D5-B5FA-22D5B918C556}.Debug|Any CPU.Build.0 = Debug|Any CPU
		{BDA3D166-0C5D-40D5-B5FA-22D5B918C556}.Release|Any CPU.ActiveCfg = Release|Any CPU
		{BDA3D166-0C5D-40D5-B5FA-22D5B918C556}.Release|Any CPU.Build.0 = Release|Any CPU
		{B28B8297-7CCC-4968-9798-FA25A5D02B8A}.Debug|Any CPU.ActiveCfg = Debug|Any CPU
		{B28B8297-7CCC-4968-9798-FA25A5D02B8A}.Debug|Any CPU.Build.0 = Debug|Any CPU
		{B28B8297-7CCC-4968-9798-FA25A5D02B8A}.Release|Any CPU.ActiveCfg = Release|Any CPU
		{B28B8297-7CCC-4968-9798-FA25A5D02B8A}.Release|Any CPU.Build.0 = Release|Any CPU
		{08C7CE6C-F3A3-4E71-A7D7-03464BC32443}.Debug|Any CPU.ActiveCfg = Debug|Any CPU
		{08C7CE6C-F3A3-4E71-A7D7-03464BC32443}.Debug|Any CPU.Build.0 = Debug|Any CPU
		{08C7CE6C-F3A3-4E71-A7D7-03464BC32443}.Release|Any CPU.ActiveCfg = Release|Any CPU
		{08C7CE6C-F3A3-4E71-A7D7-03464BC32443}.Release|Any CPU.Build.0 = Release|Any CPU
		{BF9907C5-39BD-4026-8AE4-EF8A6721A37B}.Debug|Any CPU.ActiveCfg = Debug|Any CPU
		{BF9907C5-39BD-4026-8AE4-EF8A6721A37B}.Debug|Any CPU.Build.0 = Debug|Any CPU
		{BF9907C5-39BD-4026-8AE4-EF8A6721A37B}.Release|Any CPU.ActiveCfg = Release|Any CPU
		{BF9907C5-39BD-4026-8AE4-EF8A6721A37B}.Release|Any CPU.Build.0 = Release|Any CPU
		{F7E51B58-B380-4BC1-AE3E-0FE23D01A1C4}.Debug|Any CPU.ActiveCfg = Debug|Any CPU
		{F7E51B58-B380-4BC1-AE3E-0FE23D01A1C4}.Debug|Any CPU.Build.0 = Debug|Any CPU
		{F7E51B58-B380-4BC1-AE3E-0FE23D01A1C4}.Release|Any CPU.ActiveCfg = Release|Any CPU
		{F7E51B58-B380-4BC1-AE3E-0FE23D01A1C4}.Release|Any CPU.Build.0 = Release|Any CPU
		{D9225714-17B9-48BB-87A4-25B52A00303F}.Debug|Any CPU.ActiveCfg = Debug|Any CPU
		{D9225714-17B9-48BB-87A4-25B52A00303F}.Debug|Any CPU.Build.0 = Debug|Any CPU
		{D9225714-17B9-48BB-87A4-25B52A00303F}.Release|Any CPU.ActiveCfg = Release|Any CPU
		{D9225714-17B9-48BB-87A4-25B52A00303F}.Release|Any CPU.Build.0 = Release|Any CPU
		{F423139F-D6C6-4D8C-84BC-88A6A8CF19DF}.Debug|Any CPU.ActiveCfg = Debug|Any CPU
		{F423139F-D6C6-4D8C-84BC-88A6A8CF19DF}.Debug|Any CPU.Build.0 = Debug|Any CPU
		{F423139F-D6C6-4D8C-84BC-88A6A8CF19DF}.Release|Any CPU.ActiveCfg = Release|Any CPU
		{F423139F-D6C6-4D8C-84BC-88A6A8CF19DF}.Release|Any CPU.Build.0 = Release|Any CPU
		{790685DB-A5C4-40DE-9AF8-02B34142C70E}.Debug|Any CPU.ActiveCfg = Debug|Any CPU
		{790685DB-A5C4-40DE-9AF8-02B34142C70E}.Debug|Any CPU.Build.0 = Debug|Any CPU
		{790685DB-A5C4-40DE-9AF8-02B34142C70E}.Release|Any CPU.ActiveCfg = Release|Any CPU
		{790685DB-A5C4-40DE-9AF8-02B34142C70E}.Release|Any CPU.Build.0 = Release|Any CPU
		{651780EE-3979-4EBB-AF56-4300C42631F4}.Debug|Any CPU.ActiveCfg = Debug|Any CPU
		{651780EE-3979-4EBB-AF56-4300C42631F4}.Debug|Any CPU.Build.0 = Debug|Any CPU
		{651780EE-3979-4EBB-AF56-4300C42631F4}.Release|Any CPU.ActiveCfg = Release|Any CPU
		{651780EE-3979-4EBB-AF56-4300C42631F4}.Release|Any CPU.Build.0 = Release|Any CPU
		{95544961-894B-4D5F-9FEB-6E67A110F551}.Debug|Any CPU.ActiveCfg = Debug|Any CPU
		{95544961-894B-4D5F-9FEB-6E67A110F551}.Debug|Any CPU.Build.0 = Debug|Any CPU
		{95544961-894B-4D5F-9FEB-6E67A110F551}.Release|Any CPU.ActiveCfg = Release|Any CPU
		{95544961-894B-4D5F-9FEB-6E67A110F551}.Release|Any CPU.Build.0 = Release|Any CPU
		{CC6D544C-75B8-45CA-9674-CED125CE329B}.Debug|Any CPU.ActiveCfg = Debug|Any CPU
		{CC6D544C-75B8-45CA-9674-CED125CE329B}.Debug|Any CPU.Build.0 = Debug|Any CPU
		{CC6D544C-75B8-45CA-9674-CED125CE329B}.Release|Any CPU.ActiveCfg = Release|Any CPU
		{CC6D544C-75B8-45CA-9674-CED125CE329B}.Release|Any CPU.Build.0 = Release|Any CPU
		{C12D50E7-F464-47D3-8B50-F66D1062A96D}.Debug|Any CPU.ActiveCfg = Debug|Any CPU
		{C12D50E7-F464-47D3-8B50-F66D1062A96D}.Debug|Any CPU.Build.0 = Debug|Any CPU
		{C12D50E7-F464-47D3-8B50-F66D1062A96D}.Release|Any CPU.ActiveCfg = Release|Any CPU
		{C12D50E7-F464-47D3-8B50-F66D1062A96D}.Release|Any CPU.Build.0 = Release|Any CPU
		{0FA0F746-FE7E-4383-94C6-C88C9675BE02}.Debug|Any CPU.ActiveCfg = Debug|Any CPU
		{0FA0F746-FE7E-4383-94C6-C88C9675BE02}.Debug|Any CPU.Build.0 = Debug|Any CPU
		{0FA0F746-FE7E-4383-94C6-C88C9675BE02}.Release|Any CPU.ActiveCfg = Release|Any CPU
		{0FA0F746-FE7E-4383-94C6-C88C9675BE02}.Release|Any CPU.Build.0 = Release|Any CPU
		{31EEC6E9-6AED-4DE3-830E-58ECE631BA6D}.Debug|Any CPU.ActiveCfg = Debug|Any CPU
		{31EEC6E9-6AED-4DE3-830E-58ECE631BA6D}.Debug|Any CPU.Build.0 = Debug|Any CPU
		{31EEC6E9-6AED-4DE3-830E-58ECE631BA6D}.Release|Any CPU.ActiveCfg = Release|Any CPU
		{31EEC6E9-6AED-4DE3-830E-58ECE631BA6D}.Release|Any CPU.Build.0 = Release|Any CPU
		{6F27B086-587F-46D2-92BC-83F62BFFF608}.Debug|Any CPU.ActiveCfg = Debug|Any CPU
		{6F27B086-587F-46D2-92BC-83F62BFFF608}.Debug|Any CPU.Build.0 = Debug|Any CPU
		{6F27B086-587F-46D2-92BC-83F62BFFF608}.Release|Any CPU.ActiveCfg = Release|Any CPU
		{6F27B086-587F-46D2-92BC-83F62BFFF608}.Release|Any CPU.Build.0 = Release|Any CPU
		{BF6672D6-555B-4D66-BEE5-B3104A23FA87}.Debug|Any CPU.ActiveCfg = Debug|Any CPU
		{BF6672D6-555B-4D66-BEE5-B3104A23FA87}.Debug|Any CPU.Build.0 = Debug|Any CPU
		{BF6672D6-555B-4D66-BEE5-B3104A23FA87}.Release|Any CPU.ActiveCfg = Release|Any CPU
		{BF6672D6-555B-4D66-BEE5-B3104A23FA87}.Release|Any CPU.Build.0 = Release|Any CPU
		{0CD18DAF-1BF0-4327-B379-804887655D57}.Debug|Any CPU.ActiveCfg = Debug|Any CPU
		{0CD18DAF-1BF0-4327-B379-804887655D57}.Debug|Any CPU.Build.0 = Debug|Any CPU
		{0CD18DAF-1BF0-4327-B379-804887655D57}.Release|Any CPU.ActiveCfg = Release|Any CPU
		{0CD18DAF-1BF0-4327-B379-804887655D57}.Release|Any CPU.Build.0 = Release|Any CPU
		{A1DB1569-FDC5-4EB3-8A7A-1774FA6B22CE}.Debug|Any CPU.ActiveCfg = Debug|Any CPU
		{A1DB1569-FDC5-4EB3-8A7A-1774FA6B22CE}.Debug|Any CPU.Build.0 = Debug|Any CPU
		{A1DB1569-FDC5-4EB3-8A7A-1774FA6B22CE}.Release|Any CPU.ActiveCfg = Release|Any CPU
		{A1DB1569-FDC5-4EB3-8A7A-1774FA6B22CE}.Release|Any CPU.Build.0 = Release|Any CPU
		{E691393C-1694-4737-A6A1-C2B208D3AD48}.Debug|Any CPU.ActiveCfg = Debug|Any CPU
		{E691393C-1694-4737-A6A1-C2B208D3AD48}.Debug|Any CPU.Build.0 = Debug|Any CPU
		{E691393C-1694-4737-A6A1-C2B208D3AD48}.Release|Any CPU.ActiveCfg = Release|Any CPU
		{E691393C-1694-4737-A6A1-C2B208D3AD48}.Release|Any CPU.Build.0 = Release|Any CPU
		{541CC086-7533-4855-B5CE-806AAACC7ECF}.Debug|Any CPU.ActiveCfg = Debug|Any CPU
		{541CC086-7533-4855-B5CE-806AAACC7ECF}.Debug|Any CPU.Build.0 = Debug|Any CPU
		{541CC086-7533-4855-B5CE-806AAACC7ECF}.Release|Any CPU.ActiveCfg = Release|Any CPU
		{541CC086-7533-4855-B5CE-806AAACC7ECF}.Release|Any CPU.Build.0 = Release|Any CPU
		{5D3F6146-555E-490E-8281-809BF18B5F96}.Debug|Any CPU.ActiveCfg = Debug|Any CPU
		{5D3F6146-555E-490E-8281-809BF18B5F96}.Debug|Any CPU.Build.0 = Debug|Any CPU
		{5D3F6146-555E-490E-8281-809BF18B5F96}.Release|Any CPU.ActiveCfg = Release|Any CPU
		{5D3F6146-555E-490E-8281-809BF18B5F96}.Release|Any CPU.Build.0 = Release|Any CPU
		{6CDE1070-9A8C-46B6-9810-0BFC50767DAF}.Debug|Any CPU.ActiveCfg = Debug|Any CPU
		{6CDE1070-9A8C-46B6-9810-0BFC50767DAF}.Debug|Any CPU.Build.0 = Debug|Any CPU
		{6CDE1070-9A8C-46B6-9810-0BFC50767DAF}.Release|Any CPU.ActiveCfg = Release|Any CPU
		{6CDE1070-9A8C-46B6-9810-0BFC50767DAF}.Release|Any CPU.Build.0 = Release|Any CPU
		{BD450079-A1F5-422E-968C-BB7D40004EEC}.Debug|Any CPU.ActiveCfg = Debug|Any CPU
		{BD450079-A1F5-422E-968C-BB7D40004EEC}.Debug|Any CPU.Build.0 = Debug|Any CPU
		{BD450079-A1F5-422E-968C-BB7D40004EEC}.Release|Any CPU.ActiveCfg = Release|Any CPU
		{BD450079-A1F5-422E-968C-BB7D40004EEC}.Release|Any CPU.Build.0 = Release|Any CPU
	EndGlobalSection
	GlobalSection(SolutionProperties) = preSolution
		HideSolutionNode = FALSE
	EndGlobalSection
	GlobalSection(NestedProjects) = preSolution
		{69B00F7C-D7BE-44FB-BAC9-E882F9274CE1} = {0B4A9C40-7DA0-45BA-922C-FD4C2D80FDE1}
		{C3892E7F-16D8-462C-AC4D-D8C5B7B09B10} = {0B4A9C40-7DA0-45BA-922C-FD4C2D80FDE1}
		{BE454D7F-21DA-4656-9C90-265B7373E265} = {0B4A9C40-7DA0-45BA-922C-FD4C2D80FDE1}
		{7388929A-EEDC-4583-9AC4-0E6283042A0B} = {0B4A9C40-7DA0-45BA-922C-FD4C2D80FDE1}
		{FF3C4CE8-A0E8-4D1B-967B-4F835F56EA95} = {0B4A9C40-7DA0-45BA-922C-FD4C2D80FDE1}
		{BE50CEF8-13CE-40D8-93A8-8E1B43629A3A} = {FF3C4CE8-A0E8-4D1B-967B-4F835F56EA95}
		{809D22D9-470F-4E6F-A9AA-AD762B607722} = {FF3C4CE8-A0E8-4D1B-967B-4F835F56EA95}
		{2D38AFD7-F865-424F-B660-32A637A52D4B} = {FF3C4CE8-A0E8-4D1B-967B-4F835F56EA95}
		{682F5CE0-1473-46C6-B9F8-F4F3879BF374} = {BE454D7F-21DA-4656-9C90-265B7373E265}
		{57D47B53-8125-49E5-9D9B-2C2A9DF84DCE} = {BE454D7F-21DA-4656-9C90-265B7373E265}
		{8C26C3A3-9BCC-4A96-AAAD-CB1C83826C45} = {0B4A9C40-7DA0-45BA-922C-FD4C2D80FDE1}
		{08702279-5D15-43F1-878D-BCBB558EEFFB} = {8C26C3A3-9BCC-4A96-AAAD-CB1C83826C45}
		{082C606E-934F-40FD-9CB3-F8DD9EB2B1A1} = {8C26C3A3-9BCC-4A96-AAAD-CB1C83826C45}
		{07E1729B-48CD-4726-8231-A7828137E398} = {8C26C3A3-9BCC-4A96-AAAD-CB1C83826C45}
		{93CEC306-CE24-473C-8B66-9B0A2F800071} = {8C26C3A3-9BCC-4A96-AAAD-CB1C83826C45}
		{8F60B21E-633F-478C-9D25-F784002E4160} = {8C26C3A3-9BCC-4A96-AAAD-CB1C83826C45}
		{8C3D67BA-A3D3-445F-8A30-92272B6B61C8} = {BE454D7F-21DA-4656-9C90-265B7373E265}
		{AD2731F3-902B-479E-91B6-4EC86D6A8256} = {BE454D7F-21DA-4656-9C90-265B7373E265}
		{DD74D9B0-51AB-48AC-A606-12AE21AE0545} = {C3892E7F-16D8-462C-AC4D-D8C5B7B09B10}
		{90DFA187-2D34-4841-9ED2-8B530DC9C3DC} = {C3892E7F-16D8-462C-AC4D-D8C5B7B09B10}
		{699B6C8D-85CC-4A9F-BA94-127FF2313DFD} = {C3892E7F-16D8-462C-AC4D-D8C5B7B09B10}
		{75684654-7023-4C5C-ACA2-C51D353E5CDD} = {C3892E7F-16D8-462C-AC4D-D8C5B7B09B10}
		{537DB164-73D3-469F-8C83-1C8E74591AED} = {69B00F7C-D7BE-44FB-BAC9-E882F9274CE1}
		{7BDA7845-95C6-4E70-9799-1D4A36E88768} = {69B00F7C-D7BE-44FB-BAC9-E882F9274CE1}
		{EC784F38-87B9-40F0-9D8F-094768CAF1E0} = {69B00F7C-D7BE-44FB-BAC9-E882F9274CE1}
		{986F8776-DAAB-4B53-B251-1D1FD8022237} = {69B00F7C-D7BE-44FB-BAC9-E882F9274CE1}
		{0B4A9C40-7DA0-45BA-922C-FD4C2D80FDE1} = {1746B1B3-1F53-41FD-B49F-A863E1102F55}
		{DF23DC73-F798-4111-A988-AAAE71631550} = {DD74D9B0-51AB-48AC-A606-12AE21AE0545}
		{BDA3D166-0C5D-40D5-B5FA-22D5B918C556} = {90DFA187-2D34-4841-9ED2-8B530DC9C3DC}
		{B28B8297-7CCC-4968-9798-FA25A5D02B8A} = {699B6C8D-85CC-4A9F-BA94-127FF2313DFD}
		{08C7CE6C-F3A3-4E71-A7D7-03464BC32443} = {75684654-7023-4C5C-ACA2-C51D353E5CDD}
		{BF9907C5-39BD-4026-8AE4-EF8A6721A37B} = {57D47B53-8125-49E5-9D9B-2C2A9DF84DCE}
		{F7E51B58-B380-4BC1-AE3E-0FE23D01A1C4} = {682F5CE0-1473-46C6-B9F8-F4F3879BF374}
		{D9225714-17B9-48BB-87A4-25B52A00303F} = {8C3D67BA-A3D3-445F-8A30-92272B6B61C8}
		{F423139F-D6C6-4D8C-84BC-88A6A8CF19DF} = {AD2731F3-902B-479E-91B6-4EC86D6A8256}
		{790685DB-A5C4-40DE-9AF8-02B34142C70E} = {2D38AFD7-F865-424F-B660-32A637A52D4B}
		{651780EE-3979-4EBB-AF56-4300C42631F4} = {809D22D9-470F-4E6F-A9AA-AD762B607722}
		{95544961-894B-4D5F-9FEB-6E67A110F551} = {809D22D9-470F-4E6F-A9AA-AD762B607722}
		{CC6D544C-75B8-45CA-9674-CED125CE329B} = {07E1729B-48CD-4726-8231-A7828137E398}
		{C12D50E7-F464-47D3-8B50-F66D1062A96D} = {07E1729B-48CD-4726-8231-A7828137E398}
		{0FA0F746-FE7E-4383-94C6-C88C9675BE02} = {537DB164-73D3-469F-8C83-1C8E74591AED}
		{31EEC6E9-6AED-4DE3-830E-58ECE631BA6D} = {7BDA7845-95C6-4E70-9799-1D4A36E88768}
		{6F27B086-587F-46D2-92BC-83F62BFFF608} = {EC784F38-87B9-40F0-9D8F-094768CAF1E0}
		{BF6672D6-555B-4D66-BEE5-B3104A23FA87} = {986F8776-DAAB-4B53-B251-1D1FD8022237}
		{657D1363-F216-480A-BFE9-78113F067DB2} = {1746B1B3-1F53-41FD-B49F-A863E1102F55}
		{0CD18DAF-1BF0-4327-B379-804887655D57} = {657D1363-F216-480A-BFE9-78113F067DB2}
		{2A21BC9E-2653-4E0A-8AC8-8D6AD67FA0A1} = {FF3C4CE8-A0E8-4D1B-967B-4F835F56EA95}
		{4CBD1C0E-2C6B-4124-AF60-6561D13CE9E3} = {FF3C4CE8-A0E8-4D1B-967B-4F835F56EA95}
		{A1DB1569-FDC5-4EB3-8A7A-1774FA6B22CE} = {2A21BC9E-2653-4E0A-8AC8-8D6AD67FA0A1}
		{E691393C-1694-4737-A6A1-C2B208D3AD48} = {4CBD1C0E-2C6B-4124-AF60-6561D13CE9E3}
		{541CC086-7533-4855-B5CE-806AAACC7ECF} = {08702279-5D15-43F1-878D-BCBB558EEFFB}
		{5D3F6146-555E-490E-8281-809BF18B5F96} = {8F60B21E-633F-478C-9D25-F784002E4160}
		{6CDE1070-9A8C-46B6-9810-0BFC50767DAF} = {93CEC306-CE24-473C-8B66-9B0A2F800071}
		{BD450079-A1F5-422E-968C-BB7D40004EEC} = {7388929A-EEDC-4583-9AC4-0E6283042A0B}
	EndGlobalSection
EndGlobal
